{
  "name": "node-cc1101",
  "version": "0.1.0",
  "lockfileVersion": 3,
  "requires": true,
  "packages": {
    "": {
      "name": "node-cc1101",
      "version": "0.1.0",
      "license": "MIT",
      "dependencies": {
        "@blessed/neo-blessed": "^1.0.0",
        "pigpio": "^3.3.1",
        "spi-device": "^3.1.2"
      },
      "bin": {
        "cc1101-shell": "radio-shell.js"
      },
      "engines": {
        "node": ">=18"
      }
    },
    "node_modules/@blessed/neo-blessed": {
      "version": "1.0.0",
      "resolved": "https://registry.npmjs.org/@blessed/neo-blessed/-/neo-blessed-1.0.0.tgz",
      "integrity": "sha512-RdaOrmvUBCJwRPXSndJgCOQDUxIfwV3+17mhjNHemyYEsZoS6gSdnm7NyGVcnNxOY63ohAAlyw4gOVhKujaWhA==",
      "license": "MIT",
      "dependencies": {
        "node-pty": "^0.9.0",
        "term.js": "0.0.7"
      },
      "bin": {
        "neo-blessed": "bin/tput.js"
      },
      "engines": {
        "node": ">= 8.0.0"
      }
    },
    "node_modules/bindings": {
      "version": "1.5.0",
      "resolved": "https://registry.npmjs.org/bindings/-/bindings-1.5.0.tgz",
      "integrity": "sha512-p2q/t/mhvuOj/UeLlV6566GD/guowlr0hHxClI0W9m7MWYkL1F0hLo+0Aexs9HSPCtR1SXQ0TD3MMKrXZajbiQ==",
      "license": "MIT",
      "dependencies": {
        "file-uri-to-path": "1.0.0"
      }
    },
    "node_modules/file-uri-to-path": {
      "version": "1.0.0",
      "resolved": "https://registry.npmjs.org/file-uri-to-path/-/file-uri-to-path-1.0.0.tgz",
      "integrity": "sha512-0Zt+s3L7Vf1biwWZ29aARiVYLx7iMGnEUl9x33fbB/j3jR81u/O2LbqK+Bm1CDSNDKVtJ/YjwY7TUd5SkeLQLw==",
      "license": "MIT"
    },
    "node_modules/nan": {
      "version": "2.26.2",
      "resolved": "https://registry.npmjs.org/nan/-/nan-2.26.2.tgz",
      "integrity": "sha512-0tTvBTYkt3tdGw22nrAy50x7gpbGCCFH3AFcyS5WiUu7Eu4vWlri1woE6qHBSfy11vksDqkiwjOnlR7WV8G1Hw==",
      "license": "MIT"
    },
    "node_modules/node-pty": {
      "version": "0.9.0",
      "resolved": "https://registry.npmjs.org/node-pty/-/node-pty-0.9.0.tgz",
      "integrity": "sha512-MBnCQl83FTYOu7B4xWw10AW77AAh7ThCE1VXEv+JeWj8mSpGo+0bwgsV+b23ljBFwEM9OmsOv3kM27iUPPm84g==",
      "hasInstallScript": true,
      "license": "MIT",
      "dependencies": {
        "nan": "^2.14.0"
      }
    },
    "node_modules/pigpio": {
      "version": "3.3.1",
      "resolved": "https://registry.npmjs.org/pigpio/-/pigpio-3.3.1.tgz",
      "integrity": "sha512-z7J55K14IwWkA+oW5JHzWcgwThFAuJ7IzV3A2//yRm4jJ2DTU0DHIy91DB0siOi12rvvlrIhRetEuAo0ztF/vQ==",
      "hasInstallScript": true,
      "license": "MIT",
      "dependencies": {
        "bindings": "^1.5.0",
        "nan": "^2.14.2"
      },
      "engines": {
        "node": ">=10.0.0"
      }
    },
    "node_modules/spi-device": {
      "version": "3.1.2",
      "resolved": "https://registry.npmjs.org/spi-device/-/spi-device-3.1.2.tgz",
      "integrity": "sha512-5ubnDcpFjMAiO32j7Jrg/EMSmnInoh9LFzh/abVSJxTjCbmUQdRDVgNG5mRlOpMZc+SCHNSzqKVHGe8n0mVKwA==",
      "hasInstallScript": true,
      "license": "MIT",
      "dependencies": {
        "bindings": "^1.5.0",
        "nan": "^2.14.2"
      },
      "engines": {
        "node": ">=10.0.0"
      }
    },
    "node_modules/term.js": {
      "version": "0.0.7",
      "resolved": "https://registry.npmjs.org/term.js/-/term.js-0.0.7.tgz",
      "integrity": "sha512-c65+7Z/51TDl/owjT2BrPHhMtJu5MjcvPWTC2oAV/ybzuwUCuj5/OQ08urfEHkQpfphyXs/zZRCjZfnSC3bntA==",
      "license": "MIT",
      "engines": {
        "node": ">= 0.8.0"
      }
    }
  }
}
